// !$*UTF8*$!
{
	archiveVersion = 1;
	classes = {
	};
	objectVersion = 50;
	objects = {

/* Begin PBXBuildFile section */
		BC9C67CA25AAF2B2004A77CC /* AppDelegate.swift in Sources */ = {isa = PBXBuildFile; fileRef = BC9C67C925AAF2B2004A77CC /* AppDelegate.swift */; };
		BC9C67CE25AAF2B2004A77CC /* ViewController.swift in Sources */ = {isa = PBXBuildFile; fileRef = BC9C67CD25AAF2B2004A77CC /* ViewController.swift */; };
		BC9C67D125AAF2B2004A77CC /* Main.storyboard in Resources */ = {isa = PBXBuildFile; fileRef = BC9C67CF25AAF2B2004A77CC /* Main.storyboard */; };
		BC9C67D325AAF2B4004A77CC /* Assets.xcassets in Resources */ = {isa = PBXBuildFile; fileRef = BC9C67D225AAF2B4004A77CC /* Assets.xcassets */; };
		BC9C67D625AAF2B4004A77CC /* LaunchScreen.storyboard in Resources */ = {isa = PBXBuildFile; fileRef = BC9C67D425AAF2B4004A77CC /* LaunchScreen.storyboard */; };
		BC9C67E825AAF978004A77CC /* InitGameViewController.swift in Sources */ = {isa = PBXBuildFile; fileRef = BC9C67E625AAF978004A77CC /* InitGameViewController.swift */; };
		BC9C67E925AAF978004A77CC /* InitGameViewController.xib in Resources */ = {isa = PBXBuildFile; fileRef = BC9C67E725AAF978004A77CC /* InitGameViewController.xib */; };
		BC9C67EE25AAFD57004A77CC /* ItemSelector.swift in Sources */ = {isa = PBXBuildFile; fileRef = BC9C67ED25AAFD57004A77CC /* ItemSelector.swift */; };
		BC9C67F425AB6E97004A77CC /* DBManager.swift in Sources */ = {isa = PBXBuildFile; fileRef = BC9C67F325AB6E97004A77CC /* DBManager.swift */; };
		BC9C67F825AC5643004A77CC /* wordsdb.sql in Resources */ = {isa = PBXBuildFile; fileRef = BC9C67F725AC5643004A77CC /* wordsdb.sql */; };
		BC9C67FC25AC6A39004A77CC /* GameViewController.swift in Sources */ = {isa = PBXBuildFile; fileRef = BC9C67FA25AC6A39004A77CC /* GameViewController.swift */; };
		BC9C67FD25AC6A39004A77CC /* GameViewController.xib in Resources */ = {isa = PBXBuildFile; fileRef = BC9C67FB25AC6A39004A77CC /* GameViewController.xib */; };
		BC9C680125AC6AB9004A77CC /* ProgressGame.swift in Sources */ = {isa = PBXBuildFile; fileRef = BC9C680025AC6AB9004A77CC /* ProgressGame.swift */; };
		BC9C680525AC72EE004A77CC /* WordsAPI.swift in Sources */ = {isa = PBXBuildFile; fileRef = BC9C680425AC72EE004A77CC /* WordsAPI.swift */; };
		BC9C680925AC7598004A77CC /* Sustantive.swift in Sources */ = {isa = PBXBuildFile; fileRef = BC9C680825AC7598004A77CC /* Sustantive.swift */; };
		BC9C680D25AC75A9004A77CC /* Word.swift in Sources */ = {isa = PBXBuildFile; fileRef = BC9C680C25AC75A9004A77CC /* Word.swift */; };
		BC9C681025AC7832004A77CC /* Score.swift in Sources */ = {isa = PBXBuildFile; fileRef = BC9C680F25AC7832004A77CC /* Score.swift */; };
		BC9C681325ACCBB7004A77CC /* Verb.swift in Sources */ = {isa = PBXBuildFile; fileRef = BC9C681225ACCBB7004A77CC /* Verb.swift */; };
		BC9C681825ACCE11004A77CC /* WordsViewController.swift in Sources */ = {isa = PBXBuildFile; fileRef = BC9C681625ACCE11004A77CC /* WordsViewController.swift */; };
		BC9C681925ACCE11004A77CC /* WordsViewController.xib in Resources */ = {isa = PBXBuildFile; fileRef = BC9C681725ACCE11004A77CC /* WordsViewController.xib */; };
		BC9C682425ACD19A004A77CC /* WordTableViewCell.swift in Sources */ = {isa = PBXBuildFile; fileRef = BC9C682225ACD19A004A77CC /* WordTableViewCell.swift */; };
		BC9C682525ACD19A004A77CC /* WordTableViewCell.xib in Resources */ = {isa = PBXBuildFile; fileRef = BC9C682325ACD19A004A77CC /* WordTableViewCell.xib */; };
/* End PBXBuildFile section */

/* Begin PBXFileReference section */
		BC9C67C625AAF2B2004A77CC /* Learning.app */ = {isa = PBXFileReference; explicitFileType = wrapper.application; includeInIndex = 0; path = Learning.app; sourceTree = BUILT_PRODUCTS_DIR; };
		BC9C67C925AAF2B2004A77CC /* AppDelegate.swift */ = {isa = PBXFileReference; lastKnownFileType = sourcecode.swift; path = AppDelegate.swift; sourceTree = "<group>"; };
		BC9C67CD25AAF2B2004A77CC /* ViewController.swift */ = {isa = PBXFileReference; lastKnownFileType = sourcecode.swift; path = ViewController.swift; sourceTree = "<group>"; };
		BC9C67D025AAF2B2004A77CC /* Base */ = {isa = PBXFileReference; lastKnownFileType = file.storyboard; name = Base; path = Base.lproj/Main.storyboard; sourceTree = "<group>"; };
		BC9C67D225AAF2B4004A77CC /* Assets.xcassets */ = {isa = PBXFileReference; lastKnownFileType = folder.assetcatalog; path = Assets.xcassets; sourceTree = "<group>"; };
		BC9C67D525AAF2B4004A77CC /* Base */ = {isa = PBXFileReference; lastKnownFileType = file.storyboard; name = Base; path = Base.lproj/LaunchScreen.storyboard; sourceTree = "<group>"; };
		BC9C67D725AAF2B4004A77CC /* Info.plist */ = {isa = PBXFileReference; lastKnownFileType = text.plist.xml; path = Info.plist; sourceTree = "<group>"; };
		BC9C67E625AAF978004A77CC /* InitGameViewController.swift */ = {isa = PBXFileReference; lastKnownFileType = sourcecode.swift; path = InitGameViewController.swift; sourceTree = "<group>"; };
		BC9C67E725AAF978004A77CC /* InitGameViewController.xib */ = {isa = PBXFileReference; lastKnownFileType = file.xib; path = InitGameViewController.xib; sourceTree = "<group>"; };
		BC9C67ED25AAFD57004A77CC /* ItemSelector.swift */ = {isa = PBXFileReference; lastKnownFileType = sourcecode.swift; path = ItemSelector.swift; sourceTree = "<group>"; };
		BC9C67F325AB6E97004A77CC /* DBManager.swift */ = {isa = PBXFileReference; lastKnownFileType = sourcecode.swift; path = DBManager.swift; sourceTree = "<group>"; };
		BC9C67F725AC5643004A77CC /* wordsdb.sql */ = {isa = PBXFileReference; lastKnownFileType = file; path = wordsdb.sql; sourceTree = "<group>"; };
		BC9C67FA25AC6A39004A77CC /* GameViewController.swift */ = {isa = PBXFileReference; lastKnownFileType = sourcecode.swift; path = GameViewController.swift; sourceTree = "<group>"; };
		BC9C67FB25AC6A39004A77CC /* GameViewController.xib */ = {isa = PBXFileReference; lastKnownFileType = file.xib; path = GameViewController.xib; sourceTree = "<group>"; };
		BC9C680025AC6AB9004A77CC /* ProgressGame.swift */ = {isa = PBXFileReference; lastKnownFileType = sourcecode.swift; path = ProgressGame.swift; sourceTree = "<group>"; };
		BC9C680425AC72EE004A77CC /* WordsAPI.swift */ = {isa = PBXFileReference; lastKnownFileType = sourcecode.swift; path = WordsAPI.swift; sourceTree = "<group>"; };
		BC9C680825AC7598004A77CC /* Sustantive.swift */ = {isa = PBXFileReference; lastKnownFileType = sourcecode.swift; path = Sustantive.swift; sourceTree = "<group>"; };
		BC9C680C25AC75A9004A77CC /* Word.swift */ = {isa = PBXFileReference; lastKnownFileType = sourcecode.swift; path = Word.swift; sourceTree = "<group>"; };
		BC9C680F25AC7832004A77CC /* Score.swift */ = {isa = PBXFileReference; lastKnownFileType = sourcecode.swift; path = Score.swift; sourceTree = "<group>"; };
		BC9C681225ACCBB7004A77CC /* Verb.swift */ = {isa = PBXFileReference; lastKnownFileType = sourcecode.swift; path = Verb.swift; sourceTree = "<group>"; };
		BC9C681625ACCE11004A77CC /* WordsViewController.swift */ = {isa = PBXFileReference; lastKnownFileType = sourcecode.swift; path = WordsViewController.swift; sourceTree = "<group>"; };
		BC9C681725ACCE11004A77CC /* WordsViewController.xib */ = {isa = PBXFileReference; lastKnownFileType = file.xib; path = WordsViewController.xib; sourceTree = "<group>"; };
		BC9C682225ACD19A004A77CC /* WordTableViewCell.swift */ = {isa = PBXFileReference; lastKnownFileType = sourcecode.swift; path = WordTableViewCell.swift; sourceTree = "<group>"; };
		BC9C682325ACD19A004A77CC /* WordTableViewCell.xib */ = {isa = PBXFileReference; lastKnownFileType = file.xib; path = WordTableViewCell.xib; sourceTree = "<group>"; };
/* End PBXFileReference section */

/* Begin PBXFrameworksBuildPhase section */
		BC9C67C325AAF2B2004A77CC /* Frameworks */ = {
			isa = PBXFrameworksBuildPhase;
			buildActionMask = 2147483647;
			files = (
			);
			runOnlyForDeploymentPostprocessing = 0;
		};
/* End PBXFrameworksBuildPhase section */

/* Begin PBXGroup section */
		BC9C67BD25AAF2B2004A77CC = {
			isa = PBXGroup;
			children = (
				BC9C67C825AAF2B2004A77CC /* Learning */,
				BC9C67C725AAF2B2004A77CC /* Products */,
			);
			sourceTree = "<group>";
		};
		BC9C67C725AAF2B2004A77CC /* Products */ = {
			isa = PBXGroup;
			children = (
				BC9C67C625AAF2B2004A77CC /* Learning.app */,
			);
			name = Products;
			sourceTree = "<group>";
		};
		BC9C67C825AAF2B2004A77CC /* Learning */ = {
			isa = PBXGroup;
			children = (
				BC9C67F625AC5620004A77CC /* Resources */,
				BC9C67F125AB6E7E004A77CC /* BLL */,
				BC9C67E425AAF936004A77CC /* UI */,
				BC9C67C925AAF2B2004A77CC /* AppDelegate.swift */,
				BC9C67CD25AAF2B2004A77CC /* ViewController.swift */,
				BC9C67CF25AAF2B2004A77CC /* Main.storyboard */,
				BC9C67D225AAF2B4004A77CC /* Assets.xcassets */,
				BC9C67D425AAF2B4004A77CC /* LaunchScreen.storyboard */,
				BC9C67D725AAF2B4004A77CC /* Info.plist */,
			);
			path = Learning;
			sourceTree = "<group>";
		};
		BC9C67E425AAF936004A77CC /* UI */ = {
			isa = PBXGroup;
			children = (
				BC9C67EC25AAFD3D004A77CC /* Utils */,
				BC9C681525ACCDE8004A77CC /* WordsVC */,
				BC9C67E525AAF93D004A77CC /* GameVC */,
			);
			path = UI;
			sourceTree = "<group>";
		};
		BC9C67E525AAF93D004A77CC /* GameVC */ = {
			isa = PBXGroup;
			children = (
				BC9C67FF25AC6AA7004A77CC /* Components */,
				BC9C67E625AAF978004A77CC /* InitGameViewController.swift */,
				BC9C67E725AAF978004A77CC /* InitGameViewController.xib */,
				BC9C67FA25AC6A39004A77CC /* GameViewController.swift */,
				BC9C67FB25AC6A39004A77CC /* GameViewController.xib */,
			);
			path = GameVC;
			sourceTree = "<group>";
		};
		BC9C67EC25AAFD3D004A77CC /* Utils */ = {
			isa = PBXGroup;
			children = (
				BC9C67ED25AAFD57004A77CC /* ItemSelector.swift */,
			);
			path = Utils;
			sourceTree = "<group>";
		};
		BC9C67F125AB6E7E004A77CC /* BLL */ = {
			isa = PBXGroup;
			children = (
				BC9C680725AC7588004A77CC /* Entities */,
				BC9C67F225AB6E85004A77CC /* Services */,
			);
			path = BLL;
			sourceTree = "<group>";
		};
		BC9C67F225AB6E85004A77CC /* Services */ = {
			isa = PBXGroup;
			children = (
				BC9C67F325AB6E97004A77CC /* DBManager.swift */,
				BC9C680425AC72EE004A77CC /* WordsAPI.swift */,
			);
			path = Services;
			sourceTree = "<group>";
		};
		BC9C67F625AC5620004A77CC /* Resources */ = {
			isa = PBXGroup;
			children = (
				BC9C67F725AC5643004A77CC /* wordsdb.sql */,
			);
			path = Resources;
			sourceTree = "<group>";
		};
		BC9C67FF25AC6AA7004A77CC /* Components */ = {
			isa = PBXGroup;
			children = (
				BC9C680025AC6AB9004A77CC /* ProgressGame.swift */,
			);
			path = Components;
			sourceTree = "<group>";
		};
		BC9C680725AC7588004A77CC /* Entities */ = {
			isa = PBXGroup;
			children = (
				BC9C680825AC7598004A77CC /* Sustantive.swift */,
				BC9C680C25AC75A9004A77CC /* Word.swift */,
				BC9C680F25AC7832004A77CC /* Score.swift */,
				BC9C681225ACCBB7004A77CC /* Verb.swift */,
			);
			path = Entities;
			sourceTree = "<group>";
		};
		BC9C681525ACCDE8004A77CC /* WordsVC */ = {
			isa = PBXGroup;
			children = (
				BC9C681C25ACD169004A77CC /* TableView */,
				BC9C681625ACCE11004A77CC /* WordsViewController.swift */,
				BC9C681725ACCE11004A77CC /* WordsViewController.xib */,
			);
			path = WordsVC;
			sourceTree = "<group>";
		};
		BC9C681C25ACD169004A77CC /* TableView */ = {
			isa = PBXGroup;
			children = (
				BC9C682225ACD19A004A77CC /* WordTableViewCell.swift */,
				BC9C682325ACD19A004A77CC /* WordTableViewCell.xib */,
			);
			path = TableView;
			sourceTree = "<group>";
		};
/* End PBXGroup section */

/* Begin PBXNativeTarget section */
		BC9C67C525AAF2B2004A77CC /* Learning */ = {
			isa = PBXNativeTarget;
			buildConfigurationList = BC9C67DA25AAF2B4004A77CC /* Build configuration list for PBXNativeTarget "Learning" */;
			buildPhases = (
				BC9C67C225AAF2B2004A77CC /* Sources */,
				BC9C67C325AAF2B2004A77CC /* Frameworks */,
				BC9C67C425AAF2B2004A77CC /* Resources */,
			);
			buildRules = (
			);
			dependencies = (
			);
			name = Learning;
			productName = Learning;
			productReference = BC9C67C625AAF2B2004A77CC /* Learning.app */;
			productType = "com.apple.product-type.application";
		};
/* End PBXNativeTarget section */

/* Begin PBXProject section */
		BC9C67BE25AAF2B2004A77CC /* Project object */ = {
			isa = PBXProject;
			attributes = {
				LastSwiftUpdateCheck = 1220;
				LastUpgradeCheck = 1220;
				TargetAttributes = {
					BC9C67C525AAF2B2004A77CC = {
						CreatedOnToolsVersion = 12.2;
					};
				};
			};
			buildConfigurationList = BC9C67C125AAF2B2004A77CC /* Build configuration list for PBXProject "Learning" */;
			compatibilityVersion = "Xcode 9.3";
			developmentRegion = en;
			hasScannedForEncodings = 0;
			knownRegions = (
				en,
				Base,
			);
			mainGroup = BC9C67BD25AAF2B2004A77CC;
			productRefGroup = BC9C67C725AAF2B2004A77CC /* Products */;
			projectDirPath = "";
			projectRoot = "";
			targets = (
				BC9C67C525AAF2B2004A77CC /* Learning */,
			);
		};
/* End PBXProject section */

/* Begin PBXResourcesBuildPhase section */
		BC9C67C425AAF2B2004A77CC /* Resources */ = {
			isa = PBXResourcesBuildPhase;
			buildActionMask = 2147483647;
			files = (
				BC9C67E925AAF978004A77CC /* InitGameViewController.xib in Resources */,
				BC9C67D625AAF2B4004A77CC /* LaunchScreen.storyboard in Resources */,
				BC9C681925ACCE11004A77CC /* WordsViewController.xib in Resources */,
				BC9C67FD25AC6A39004A77CC /* GameViewController.xib in Resources */,
				BC9C67D325AAF2B4004A77CC /* Assets.xcassets in Resources */,
				BC9C682525ACD19A004A77CC /* WordTableViewCell.xib in Resources */,
				BC9C67F825AC5643004A77CC /* wordsdb.sql in Resources */,
				BC9C67D125AAF2B2004A77CC /* Main.storyboard in Resources */,
			);
			runOnlyForDeploymentPostprocessing = 0;
		};
/* End PBXResourcesBuildPhase section */

/* Begin PBXSourcesBuildPhase section */
		BC9C67C225AAF2B2004A77CC /* Sources */ = {
			isa = PBXSourcesBuildPhase;
			buildActionMask = 2147483647;
			files = (
				BC9C681325ACCBB7004A77CC /* Verb.swift in Sources */,
				BC9C680125AC6AB9004A77CC /* ProgressGame.swift in Sources */,
				BC9C67F425AB6E97004A77CC /* DBManager.swift in Sources */,
				BC9C680525AC72EE004A77CC /* WordsAPI.swift in Sources */,
				BC9C681825ACCE11004A77CC /* WordsViewController.swift in Sources */,
				BC9C680925AC7598004A77CC /* Sustantive.swift in Sources */,
				BC9C67E825AAF978004A77CC /* InitGameViewController.swift in Sources */,
				BC9C67EE25AAFD57004A77CC /* ItemSelector.swift in Sources */,
				BC9C67CE25AAF2B2004A77CC /* ViewController.swift in Sources */,
				BC9C680D25AC75A9004A77CC /* Word.swift in Sources */,
				BC9C67FC25AC6A39004A77CC /* GameViewController.swift in Sources */,
				BC9C682425ACD19A004A77CC /* WordTableViewCell.swift in Sources */,
				BC9C681025AC7832004A77CC /* Score.swift in Sources */,
				BC9C67CA25AAF2B2004A77CC /* AppDelegate.swift in Sources */,
			);
			runOnlyForDeploymentPostprocessing = 0;
		};
/* End PBXSourcesBuildPhase section */

/* Begin PBXVariantGroup section */
		BC9C67CF25AAF2B2004A77CC /* Main.storyboard */ = {
			isa = PBXVariantGroup;
			children = (
				BC9C67D025AAF2B2004A77CC /* Base */,
			);
			name = Main.storyboard;
			sourceTree = "<group>";
		};
		BC9C67D425AAF2B4004A77CC /* LaunchScreen.storyboard */ = {
			isa = PBXVariantGroup;
			children = (
				BC9C67D525AAF2B4004A77CC /* Base */,
			);
			name = LaunchScreen.storyboard;
			sourceTree = "<group>";
		};
/* End PBXVariantGroup section */

/* Begin XCBuildConfiguration section */
		BC9C67D825AAF2B4004A77CC /* Debug */ = {
			isa = XCBuildConfiguration;
			buildSettings = {
				ALWAYS_SEARCH_USER_PATHS = NO;
				CLANG_ANALYZER_NONNULL = YES;
				CLANG_ANALYZER_NUMBER_OBJECT_CONVERSION = YES_AGGRESSIVE;
				CLANG_CXX_LANGUAGE_STANDARD = "gnu++14";
				CLANG_CXX_LIBRARY = "libc++";
				CLANG_ENABLE_MODULES = YES;
				CLANG_ENABLE_OBJC_ARC = YES;
				CLANG_ENABLE_OBJC_WEAK = YES;
				CLANG_WARN_BLOCK_CAPTURE_AUTORELEASING = YES;
				CLANG_WARN_BOOL_CONVERSION = YES;
				CLANG_WARN_COMMA = YES;
				CLANG_WARN_CONSTANT_CONVERSION = YES;
				CLANG_WARN_DEPRECATED_OBJC_IMPLEMENTATIONS = YES;
				CLANG_WARN_DIRECT_OBJC_ISA_USAGE = YES_ERROR;
				CLANG_WARN_DOCUMENTATION_COMMENTS = YES;
				CLANG_WARN_EMPTY_BODY = YES;
				CLANG_WARN_ENUM_CONVERSION = YES;
				CLANG_WARN_INFINITE_RECURSION = YES;
				CLANG_WARN_INT_CONVERSION = YES;
				CLANG_WARN_NON_LITERAL_NULL_CONVERSION = YES;
				CLANG_WARN_OBJC_IMPLICIT_RETAIN_SELF = YES;
				CLANG_WARN_OBJC_LITERAL_CONVERSION = YES;
				CLANG_WARN_OBJC_ROOT_CLASS = YES_ERROR;
				CLANG_WARN_QUOTED_INCLUDE_IN_FRAMEWORK_HEADER = YES;
				CLANG_WARN_RANGE_LOOP_ANALYSIS = YES;
				CLANG_WARN_STRICT_PROTOTYPES = YES;
				CLANG_WARN_SUSPICIOUS_MOVE = YES;
				CLANG_WARN_UNGUARDED_AVAILABILITY = YES_AGGRESSIVE;
				CLANG_WARN_UNREACHABLE_CODE = YES;
				CLANG_WARN__DUPLICATE_METHOD_MATCH = YES;
				COPY_PHASE_STRIP = NO;
				DEBUG_INFORMATION_FORMAT = dwarf;
				ENABLE_STRICT_OBJC_MSGSEND = YES;
				ENABLE_TESTABILITY = YES;
				GCC_C_LANGUAGE_STANDARD = gnu11;
				GCC_DYNAMIC_NO_PIC = NO;
				GCC_NO_COMMON_BLOCKS = YES;
				GCC_OPTIMIZATION_LEVEL = 0;
				GCC_PREPROCESSOR_DEFINITIONS = (
					"DEBUG=1",
					"$(inherited)",
				);
				GCC_WARN_64_TO_32_BIT_CONVERSION = YES;
				GCC_WARN_ABOUT_RETURN_TYPE = YES_ERROR;
				GCC_WARN_UNDECLARED_SELECTOR = YES;
				GCC_WARN_UNINITIALIZED_AUTOS = YES_AGGRESSIVE;
				GCC_WARN_UNUSED_FUNCTION = YES;
				GCC_WARN_UNUSED_VARIABLE = YES;
				IPHONEOS_DEPLOYMENT_TARGET = 14.2;
				MTL_ENABLE_DEBUG_INFO = INCLUDE_SOURCE;
				MTL_FAST_MATH = YES;
				ONLY_ACTIVE_ARCH = YES;
				SDKROOT = iphoneos;
				SWIFT_ACTIVE_COMPILATION_CONDITIONS = DEBUG;
				SWIFT_OPTIMIZATION_LEVEL = "-Onone";
			};
			name = Debug;
		};
		BC9C67D925AAF2B4004A77CC /* Release */ = {
			isa = XCBuildConfiguration;
			buildSettings = {
				ALWAYS_SEARCH_USER_PATHS = NO;
				CLANG_ANALYZER_NONNULL = YES;
				CLANG_ANALYZER_NUMBER_OBJECT_CONVERSION = YES_AGGRESSIVE;
				CLANG_CXX_LANGUAGE_STANDARD = "gnu++14";
				CLANG_CXX_LIBRARY = "libc++";
				CLANG_ENABLE_MODULES = YES;
				CLANG_ENABLE_OBJC_ARC = YES;
				CLANG_ENABLE_OBJC_WEAK = YES;
				CLANG_WARN_BLOCK_CAPTURE_AUTORELEASING = YES;
				CLANG_WARN_BOOL_CONVERSION = YES;
				CLANG_WARN_COMMA = YES;
				CLANG_WARN_CONSTANT_CONVERSION = YES;
				CLANG_WARN_DEPRECATED_OBJC_IMPLEMENTATIONS = YES;
				CLANG_WARN_DIRECT_OBJC_ISA_USAGE = YES_ERROR;
				CLANG_WARN_DOCUMENTATION_COMMENTS = YES;
				CLANG_WARN_EMPTY_BODY = YES;
				CLANG_WARN_ENUM_CONVERSION = YES;
				CLANG_WARN_INFINITE_RECURSION = YES;
				CLANG_WARN_INT_CONVERSION = YES;
				CLANG_WARN_NON_LITERAL_NULL_CONVERSION = YES;
				CLANG_WARN_OBJC_IMPLICIT_RETAIN_SELF = YES;
				CLANG_WARN_OBJC_LITERAL_CONVERSION = YES;
				CLANG_WARN_OBJC_ROOT_CLASS = YES_ERROR;
				CLANG_WARN_QUOTED_INCLUDE_IN_FRAMEWORK_HEADER = YES;
				CLANG_WARN_RANGE_LOOP_ANALYSIS = YES;
				CLANG_WARN_STRICT_PROTOTYPES = YES;
				CLANG_WARN_SUSPICIOUS_MOVE = YES;
				CLANG_WARN_UNGUARDED_AVAILABILITY = YES_AGGRESSIVE;
				CLANG_WARN_UNREACHABLE_CODE = YES;
				CLANG_WARN__DUPLICATE_METHOD_MATCH = YES;
				COPY_PHASE_STRIP = NO;
				DEBUG_INFORMATION_FORMAT = "dwarf-with-dsym";
				ENABLE_NS_ASSERTIONS = NO;
				ENABLE_STRICT_OBJC_MSGSEND = YES;
				GCC_C_LANGUAGE_STANDARD = gnu11;
				GCC_NO_COMMON_BLOCKS = YES;
				GCC_WARN_64_TO_32_BIT_CONVERSION = YES;
				GCC_WARN_ABOUT_RETURN_TYPE = YES_ERROR;
				GCC_WARN_UNDECLARED_SELECTOR = YES;
				GCC_WARN_UNINITIALIZED_AUTOS = YES_AGGRESSIVE;
				GCC_WARN_UNUSED_FUNCTION = YES;
				GCC_WARN_UNUSED_VARIABLE = YES;
				IPHONEOS_DEPLOYMENT_TARGET = 14.2;
				MTL_ENABLE_DEBUG_INFO = NO;
				MTL_FAST_MATH = YES;
				SDKROOT = iphoneos;
				SWIFT_COMPILATION_MODE = wholemodule;
				SWIFT_OPTIMIZATION_LEVEL = "-O";
				VALIDATE_PRODUCT = YES;
			};
			name = Release;
		};
		BC9C67DB25AAF2B4004A77CC /* Debug */ = {
			isa = XCBuildConfiguration;
			buildSettings = {
				ASSETCATALOG_COMPILER_APPICON_NAME = AppIcon;
				ASSETCATALOG_COMPILER_GLOBAL_ACCENT_COLOR_NAME = AccentColor;
				CODE_SIGN_STYLE = Automatic;
				DEVELOPMENT_TEAM = K7JYSQBF7B;
				INFOPLIST_FILE = Learning/Info.plist;
				IPHONEOS_DEPLOYMENT_TARGET = 11.0;
				LD_RUNPATH_SEARCH_PATHS = (
					"$(inherited)",
					"@executable_path/Frameworks",
				);
				PRODUCT_BUNDLE_IDENTIFIER = com.castilloConsulting.Learning;
				PRODUCT_NAME = "$(TARGET_NAME)";
				SWIFT_VERSION = 5.0;
				TARGETED_DEVICE_FAMILY = "1,2";
			};
			name = Debug;
		};
		BC9C67DC25AAF2B4004A77CC /* Release */ = {
			isa = XCBuildConfiguration;
			buildSettings = {
				ASSETCATALOG_COMPILER_APPICON_NAME = AppIcon;
				ASSETCATALOG_COMPILER_GLOBAL_ACCENT_COLOR_NAME = AccentColor;
				CODE_SIGN_STYLE = Automatic;
				DEVELOPMENT_TEAM = K7JYSQBF7B;
				INFOPLIST_FILE = Learning/Info.plist;
				IPHONEOS_DEPLOYMENT_TARGET = 11.0;
				LD_RUNPATH_SEARCH_PATHS = (
					"$(inherited)",
					"@executable_path/Frameworks",
				);
				PRODUCT_BUNDLE_IDENTIFIER = com.castilloConsulting.Learning;
				PRODUCT_NAME = "$(TARGET_NAME)";
				SWIFT_VERSION = 5.0;
				TARGETED_DEVICE_FAMILY = "1,2";
			};
			name = Release;
		};
/* End XCBuildConfiguration section */

/* Begin XCConfigurationList section */
		BC9C67C125AAF2B2004A77CC /* Build configuration list for PBXProject "Learning" */ = {
			isa = XCConfigurationList;
			buildConfigurations = (
				BC9C67D825AAF2B4004A77CC /* Debug */,
				BC9C67D925AAF2B4004A77CC /* Release */,
			);
			defaultConfigurationIsVisible = 0;
			defaultConfigurationName = Release;
		};
		BC9C67DA25AAF2B4004A77CC /* Build configuration list for PBXNativeTarget "Learning" */ = {
			isa = XCConfigurationList;
			buildConfigurations = (
				BC9C67DB25AAF2B4004A77CC /* Debug */,
				BC9C67DC25AAF2B4004A77CC /* Release */,
			);
			defaultConfigurationIsVisible = 0;
			defaultConfigurationName = Release;
		};
/* End XCConfigurationList section */
	};
	rootObject = BC9C67BE25AAF2B2004A77CC /* Project object */;
}
